// !$*UTF8*$!
{
	archiveVersion = 1;
	classes = {
	};
	objectVersion = 56;
	objects = {

/* Begin PBXBuildFile section */
		39F18AA67E51A9AF7FE06842 /* User.swift in Sources */ = {isa = PBXBuildFile; fileRef = 061B2CEC9D7EE7A6E1188724 /* User.swift */; };
		4A0026372AAEA41800EBED7F /* InboxListCell.swift in Sources */ = {isa = PBXBuildFile; fileRef = 4A0026362AAEA41800EBED7F /* InboxListCell.swift */; };
		4A0026392AAEA48100EBED7F /* ChatRoom+Extensions.swift in Sources */ = {isa = PBXBuildFile; fileRef = 4A0026382AAEA48100EBED7F /* ChatRoom+Extensions.swift */; };
		4A00263B2AAEA4D600EBED7F /* ChatRoute.swift in Sources */ = {isa = PBXBuildFile; fileRef = 4A00263A2AAEA4D600EBED7F /* ChatRoute.swift */; };
		4A00263D2AAEA55E00EBED7F /* User+Extensions.swift in Sources */ = {isa = PBXBuildFile; fileRef = 4A00263C2AAEA55E00EBED7F /* User+Extensions.swift */; };
		4A00263F2AAEA59300EBED7F /* InboxView.swift in Sources */ = {isa = PBXBuildFile; fileRef = 4A00263E2AAEA59300EBED7F /* InboxView.swift */; };
		4A0026412AAEA66F00EBED7F /* MessageListCell.swift in Sources */ = {isa = PBXBuildFile; fileRef = 4A0026402AAEA66F00EBED7F /* MessageListCell.swift */; };
		4A0026432AAEA69D00EBED7F /* Message+Extensions.swift in Sources */ = {isa = PBXBuildFile; fileRef = 4A0026422AAEA69D00EBED7F /* Message+Extensions.swift */; };
		4A0026452AAEA6B600EBED7F /* MessagesView.swift in Sources */ = {isa = PBXBuildFile; fileRef = 4A0026442AAEA6B600EBED7F /* MessagesView.swift */; };
		4A00F0012AAC2DBE00C81A26 /* AWSS3StoragePlugin in Frameworks */ = {isa = PBXBuildFile; productRef = 4A00F0002AAC2DBE00C81A26 /* AWSS3StoragePlugin */; };
		4A00F0032AAC2E9100C81A26 /* ImagePickerView.swift in Sources */ = {isa = PBXBuildFile; fileRef = 4A00F0022AAC2E9100C81A26 /* ImagePickerView.swift */; };
		4A1241192AAB64C500EEDCEF /* AmplifyImage in Frameworks */ = {isa = PBXBuildFile; productRef = 4A1241182AAB64C500EEDCEF /* AmplifyImage */; };
		4A12411B2AAB650F00EEDCEF /* AvatarView.swift in Sources */ = {isa = PBXBuildFile; fileRef = 4A12411A2AAB650F00EEDCEF /* AvatarView.swift */; };
		4A12411D2AAB690400EEDCEF /* UserProfileView.swift in Sources */ = {isa = PBXBuildFile; fileRef = 4A12411C2AAB690400EEDCEF /* UserProfileView.swift */; };
		4A12411F2AAB6D8400EEDCEF /* MainTabView.swift in Sources */ = {isa = PBXBuildFile; fileRef = 4A12411E2AAB6D8400EEDCEF /* MainTabView.swift */; };
		4A57499B2AAFCFF80077BC65 /* AWSAPIPlugin in Frameworks */ = {isa = PBXBuildFile; productRef = 4A57499A2AAFCFF80077BC65 /* AWSAPIPlugin */; };
		4A5C84632AA963700012F541 /* AWSmarketplaceApp.swift in Sources */ = {isa = PBXBuildFile; fileRef = 4A5C84622AA963700012F541 /* AWSmarketplaceApp.swift */; };
		4A5C84652AA963700012F541 /* ContentView.swift in Sources */ = {isa = PBXBuildFile; fileRef = 4A5C84642AA963700012F541 /* ContentView.swift */; };
		4A5C84672AA963710012F541 /* Assets.xcassets in Resources */ = {isa = PBXBuildFile; fileRef = 4A5C84662AA963710012F541 /* Assets.xcassets */; };
		4A5C846A2AA963710012F541 /* Preview Assets.xcassets in Resources */ = {isa = PBXBuildFile; fileRef = 4A5C84692AA963710012F541 /* Preview Assets.xcassets */; };
		4A5C84722AA968D60012F541 /* AWSCognitoAuthPlugin in Frameworks */ = {isa = PBXBuildFile; productRef = 4A5C84712AA968D60012F541 /* AWSCognitoAuthPlugin */; };
		4A5C84742AA968D60012F541 /* Amplify in Frameworks */ = {isa = PBXBuildFile; productRef = 4A5C84732AA968D60012F541 /* Amplify */; };
		4A5C84762AA96A090012F541 /* LogInView.swift in Sources */ = {isa = PBXBuildFile; fileRef = 4A5C84752AA96A090012F541 /* LogInView.swift */; };
		4A5C84782AA96A1F0012F541 /* SignUpView.swift in Sources */ = {isa = PBXBuildFile; fileRef = 4A5C84772AA96A1F0012F541 /* SignUpView.swift */; };
		4A5C847A2AA96AB20012F541 /* ConfirmNewSignUp.swift in Sources */ = {isa = PBXBuildFile; fileRef = 4A5C84792AA96AB20012F541 /* ConfirmNewSignUp.swift */; };
		4AB53D142AACEB7D005D3DCE /* ProductGridCell.swift in Sources */ = {isa = PBXBuildFile; fileRef = 4AB53D132AACEB7D005D3DCE /* ProductGridCell.swift */; };
		4AB53D162AACEC33005D3DCE /* Product+Extensions.swift in Sources */ = {isa = PBXBuildFile; fileRef = 4AB53D152AACEC33005D3DCE /* Product+Extensions.swift */; };
		4AB53D182AACF323005D3DCE /* HomeRoute.swift in Sources */ = {isa = PBXBuildFile; fileRef = 4AB53D172AACF323005D3DCE /* HomeRoute.swift */; };
		4AB53D1A2AACF3AB005D3DCE /* PostProductView.swift in Sources */ = {isa = PBXBuildFile; fileRef = 4AB53D192AACF3AB005D3DCE /* PostProductView.swift */; };
		4AB53D1C2AACF3D6005D3DCE /* ProductDetailsView.swift in Sources */ = {isa = PBXBuildFile; fileRef = 4AB53D1B2AACF3D6005D3DCE /* ProductDetailsView.swift */; };
		4AB53D1E2AACF410005D3DCE /* HomeView.swift in Sources */ = {isa = PBXBuildFile; fileRef = 4AB53D1D2AACF410005D3DCE /* HomeView.swift */; };
		4AF57E1D2AAACBC4004CF0F3 /* AWSDataStorePlugin in Frameworks */ = {isa = PBXBuildFile; productRef = 4AF57E1C2AAACBC4004CF0F3 /* AWSDataStorePlugin */; };
		4AF57E1F2AAACC78004CF0F3 /* UserState.swift in Sources */ = {isa = PBXBuildFile; fileRef = 4AF57E1E2AAACC78004CF0F3 /* UserState.swift */; };
		4AF57E212AAACCBC004CF0F3 /* MarketplaceError.swift in Sources */ = {isa = PBXBuildFile; fileRef = 4AF57E202AAACCBC004CF0F3 /* MarketplaceError.swift */; };
		4AF57E232AAACD28004CF0F3 /* Sessionview.swift in Sources */ = {isa = PBXBuildFile; fileRef = 4AF57E222AAACD28004CF0F3 /* Sessionview.swift */; };
		6054CB964E16A8C8F3DA9B8B /* AmplifyModels.swift in Sources */ = {isa = PBXBuildFile; fileRef = E735986E3DD6C7C8BD87EADB /* AmplifyModels.swift */; };
		62D52D340D148B62C16C2666 /* Message+Schema.swift in Sources */ = {isa = PBXBuildFile; fileRef = 26B4A69343C06AE5DAAD4729 /* Message+Schema.swift */; };
		6437FA9DEF82FB2C59B177A4 /* Product+Schema.swift in Sources */ = {isa = PBXBuildFile; fileRef = 2401E265F76B62B6BF486E7D /* Product+Schema.swift */; };
		92F3889E46533110445C4A9D /* LastMessage+Schema.swift in Sources */ = {isa = PBXBuildFile; fileRef = 5E3465A9E1AA682315370EE8 /* LastMessage+Schema.swift */; };
		9435899CC6DF3DC53800EB3B /* amplifyconfiguration.json in Resources */ = {isa = PBXBuildFile; fileRef = 83EA95FD60E4B6C2C46D47BE /* amplifyconfiguration.json */; };
		A61DCEDD53DD8CC34CBCE46A /* User+Schema.swift in Sources */ = {isa = PBXBuildFile; fileRef = 04572568E4ED3FDC519030BD /* User+Schema.swift */; };
		C442A0003E84D283E7CA1351 /* LastMessage.swift in Sources */ = {isa = PBXBuildFile; fileRef = 47293D05DFF89CFFFA9F2040 /* LastMessage.swift */; };
		C55372935485ECC43F234BE3 /* awsconfiguration.json in Resources */ = {isa = PBXBuildFile; fileRef = F4055DFBAD76F5217CDA2B3D /* awsconfiguration.json */; };
		D81D5E30C0392EC190E3A8E9 /* Product.swift in Sources */ = {isa = PBXBuildFile; fileRef = D1067E8B371220F4F4F3ABC0 /* Product.swift */; };
		D92E30A3B7D78D3E86AC1EF8 /* ChatRoom.swift in Sources */ = {isa = PBXBuildFile; fileRef = 4FB486A2769788ACE3D35CB5 /* ChatRoom.swift */; };
		FA31CE589C2EF1D6B741D098 /* ChatRoom+Schema.swift in Sources */ = {isa = PBXBuildFile; fileRef = AB6B2D5F1C1AAC34E2ED70D7 /* ChatRoom+Schema.swift */; };
		FB5731ED5117FC14469D09A7 /* Message.swift in Sources */ = {isa = PBXBuildFile; fileRef = 01A6EACE153879FD54A7AA22 /* Message.swift */; };
/* End PBXBuildFile section */

/* Begin PBXFileReference section */
		01A6EACE153879FD54A7AA22 /* Message.swift */ = {isa = PBXFileReference; explicitFileType = sourcecode.swift; name = Message.swift; path = amplify/generated/models/Message.swift; sourceTree = "<group>"; };
		04572568E4ED3FDC519030BD /* User+Schema.swift */ = {isa = PBXFileReference; explicitFileType = sourcecode.swift; name = "User+Schema.swift"; path = "amplify/generated/models/User+Schema.swift"; sourceTree = "<group>"; };
		061B2CEC9D7EE7A6E1188724 /* User.swift */ = {isa = PBXFileReference; explicitFileType = sourcecode.swift; name = User.swift; path = amplify/generated/models/User.swift; sourceTree = "<group>"; };
		2401E265F76B62B6BF486E7D /* Product+Schema.swift */ = {isa = PBXFileReference; explicitFileType = sourcecode.swift; name = "Product+Schema.swift"; path = "amplify/generated/models/Product+Schema.swift"; sourceTree = "<group>"; };
		26B4A69343C06AE5DAAD4729 /* Message+Schema.swift */ = {isa = PBXFileReference; explicitFileType = sourcecode.swift; name = "Message+Schema.swift"; path = "amplify/generated/models/Message+Schema.swift"; sourceTree = "<group>"; };
		47293D05DFF89CFFFA9F2040 /* LastMessage.swift */ = {isa = PBXFileReference; explicitFileType = sourcecode.swift; name = LastMessage.swift; path = amplify/generated/models/LastMessage.swift; sourceTree = "<group>"; };
		4A0026362AAEA41800EBED7F /* InboxListCell.swift */ = {isa = PBXFileReference; lastKnownFileType = sourcecode.swift; path = InboxListCell.swift; sourceTree = "<group>"; };
		4A0026382AAEA48100EBED7F /* ChatRoom+Extensions.swift */ = {isa = PBXFileReference; lastKnownFileType = sourcecode.swift; path = "ChatRoom+Extensions.swift"; sourceTree = "<group>"; };
		4A00263A2AAEA4D600EBED7F /* ChatRoute.swift */ = {isa = PBXFileReference; lastKnownFileType = sourcecode.swift; path = ChatRoute.swift; sourceTree = "<group>"; };
		4A00263C2AAEA55E00EBED7F /* User+Extensions.swift */ = {isa = PBXFileReference; lastKnownFileType = sourcecode.swift; path = "User+Extensions.swift"; sourceTree = "<group>"; };
		4A00263E2AAEA59300EBED7F /* InboxView.swift */ = {isa = PBXFileReference; lastKnownFileType = sourcecode.swift; path = InboxView.swift; sourceTree = "<group>"; };
		4A0026402AAEA66F00EBED7F /* MessageListCell.swift */ = {isa = PBXFileReference; lastKnownFileType = sourcecode.swift; path = MessageListCell.swift; sourceTree = "<group>"; };
		4A0026422AAEA69D00EBED7F /* Message+Extensions.swift */ = {isa = PBXFileReference; lastKnownFileType = sourcecode.swift; path = "Message+Extensions.swift"; sourceTree = "<group>"; };
		4A0026442AAEA6B600EBED7F /* MessagesView.swift */ = {isa = PBXFileReference; lastKnownFileType = sourcecode.swift; path = MessagesView.swift; sourceTree = "<group>"; };
		4A00F0022AAC2E9100C81A26 /* ImagePickerView.swift */ = {isa = PBXFileReference; lastKnownFileType = sourcecode.swift; path = ImagePickerView.swift; sourceTree = "<group>"; };
		4A12411A2AAB650F00EEDCEF /* AvatarView.swift */ = {isa = PBXFileReference; lastKnownFileType = sourcecode.swift; path = AvatarView.swift; sourceTree = "<group>"; };
		4A12411C2AAB690400EEDCEF /* UserProfileView.swift */ = {isa = PBXFileReference; lastKnownFileType = sourcecode.swift; path = UserProfileView.swift; sourceTree = "<group>"; };
		4A12411E2AAB6D8400EEDCEF /* MainTabView.swift */ = {isa = PBXFileReference; lastKnownFileType = sourcecode.swift; path = MainTabView.swift; sourceTree = "<group>"; };
		4A5C845F2AA963700012F541 /* AWSmarketplace.app */ = {isa = PBXFileReference; explicitFileType = wrapper.application; includeInIndex = 0; path = AWSmarketplace.app; sourceTree = BUILT_PRODUCTS_DIR; };
		4A5C84622AA963700012F541 /* AWSmarketplaceApp.swift */ = {isa = PBXFileReference; lastKnownFileType = sourcecode.swift; path = AWSmarketplaceApp.swift; sourceTree = "<group>"; };
		4A5C84642AA963700012F541 /* ContentView.swift */ = {isa = PBXFileReference; lastKnownFileType = sourcecode.swift; path = ContentView.swift; sourceTree = "<group>"; };
		4A5C84662AA963710012F541 /* Assets.xcassets */ = {isa = PBXFileReference; lastKnownFileType = folder.assetcatalog; path = Assets.xcassets; sourceTree = "<group>"; };
		4A5C84692AA963710012F541 /* Preview Assets.xcassets */ = {isa = PBXFileReference; lastKnownFileType = folder.assetcatalog; path = "Preview Assets.xcassets"; sourceTree = "<group>"; };
		4A5C84752AA96A090012F541 /* LogInView.swift */ = {isa = PBXFileReference; lastKnownFileType = sourcecode.swift; path = LogInView.swift; sourceTree = "<group>"; };
		4A5C84772AA96A1F0012F541 /* SignUpView.swift */ = {isa = PBXFileReference; lastKnownFileType = sourcecode.swift; path = SignUpView.swift; sourceTree = "<group>"; };
		4A5C84792AA96AB20012F541 /* ConfirmNewSignUp.swift */ = {isa = PBXFileReference; lastKnownFileType = sourcecode.swift; path = ConfirmNewSignUp.swift; sourceTree = "<group>"; };
		4AB53D132AACEB7D005D3DCE /* ProductGridCell.swift */ = {isa = PBXFileReference; lastKnownFileType = sourcecode.swift; path = ProductGridCell.swift; sourceTree = "<group>"; };
		4AB53D152AACEC33005D3DCE /* Product+Extensions.swift */ = {isa = PBXFileReference; lastKnownFileType = sourcecode.swift; path = "Product+Extensions.swift"; sourceTree = "<group>"; };
		4AB53D172AACF323005D3DCE /* HomeRoute.swift */ = {isa = PBXFileReference; lastKnownFileType = sourcecode.swift; path = HomeRoute.swift; sourceTree = "<group>"; };
		4AB53D192AACF3AB005D3DCE /* PostProductView.swift */ = {isa = PBXFileReference; lastKnownFileType = sourcecode.swift; path = PostProductView.swift; sourceTree = "<group>"; };
		4AB53D1B2AACF3D6005D3DCE /* ProductDetailsView.swift */ = {isa = PBXFileReference; lastKnownFileType = sourcecode.swift; path = ProductDetailsView.swift; sourceTree = "<group>"; };
		4AB53D1D2AACF410005D3DCE /* HomeView.swift */ = {isa = PBXFileReference; lastKnownFileType = sourcecode.swift; path = HomeView.swift; sourceTree = "<group>"; };
		4AF57E1E2AAACC78004CF0F3 /* UserState.swift */ = {isa = PBXFileReference; lastKnownFileType = sourcecode.swift; path = UserState.swift; sourceTree = "<group>"; };
		4AF57E202AAACCBC004CF0F3 /* MarketplaceError.swift */ = {isa = PBXFileReference; lastKnownFileType = sourcecode.swift; path = MarketplaceError.swift; sourceTree = "<group>"; };
		4AF57E222AAACD28004CF0F3 /* Sessionview.swift */ = {isa = PBXFileReference; lastKnownFileType = sourcecode.swift; path = Sessionview.swift; sourceTree = "<group>"; };
		4FB486A2769788ACE3D35CB5 /* ChatRoom.swift */ = {isa = PBXFileReference; explicitFileType = sourcecode.swift; name = ChatRoom.swift; path = amplify/generated/models/ChatRoom.swift; sourceTree = "<group>"; };
		5E3465A9E1AA682315370EE8 /* LastMessage+Schema.swift */ = {isa = PBXFileReference; explicitFileType = sourcecode.swift; name = "LastMessage+Schema.swift"; path = "amplify/generated/models/LastMessage+Schema.swift"; sourceTree = "<group>"; };
		83EA95FD60E4B6C2C46D47BE /* amplifyconfiguration.json */ = {isa = PBXFileReference; explicitFileType = text.json; path = amplifyconfiguration.json; sourceTree = "<group>"; };
		AB6B2D5F1C1AAC34E2ED70D7 /* ChatRoom+Schema.swift */ = {isa = PBXFileReference; explicitFileType = sourcecode.swift; name = "ChatRoom+Schema.swift"; path = "amplify/generated/models/ChatRoom+Schema.swift"; sourceTree = "<group>"; };
		D1067E8B371220F4F4F3ABC0 /* Product.swift */ = {isa = PBXFileReference; explicitFileType = sourcecode.swift; name = Product.swift; path = amplify/generated/models/Product.swift; sourceTree = "<group>"; };
		E735986E3DD6C7C8BD87EADB /* AmplifyModels.swift */ = {isa = PBXFileReference; explicitFileType = sourcecode.swift; name = AmplifyModels.swift; path = amplify/generated/models/AmplifyModels.swift; sourceTree = "<group>"; };
		F4055DFBAD76F5217CDA2B3D /* awsconfiguration.json */ = {isa = PBXFileReference; explicitFileType = text.json; path = awsconfiguration.json; sourceTree = "<group>"; };
/* End PBXFileReference section */

/* Begin PBXFrameworksBuildPhase section */
		4A5C845C2AA963700012F541 /* Frameworks */ = {
			isa = PBXFrameworksBuildPhase;
			buildActionMask = 2147483647;
			files = (
				4A57499B2AAFCFF80077BC65 /* AWSAPIPlugin in Frameworks */,
				4A00F0012AAC2DBE00C81A26 /* AWSS3StoragePlugin in Frameworks */,
				4AF57E1D2AAACBC4004CF0F3 /* AWSDataStorePlugin in Frameworks */,
				4A1241192AAB64C500EEDCEF /* AmplifyImage in Frameworks */,
				4A5C84722AA968D60012F541 /* AWSCognitoAuthPlugin in Frameworks */,
				4A5C84742AA968D60012F541 /* Amplify in Frameworks */,
			);
			runOnlyForDeploymentPostprocessing = 0;
		};
/* End PBXFrameworksBuildPhase section */

/* Begin PBXGroup section */
		05EF923BDD5F3EA04867813F /* AmplifyConfig */ = {
			isa = PBXGroup;
			children = (
				F4055DFBAD76F5217CDA2B3D /* awsconfiguration.json */,
				83EA95FD60E4B6C2C46D47BE /* amplifyconfiguration.json */,
			);
			name = AmplifyConfig;
			sourceTree = "<group>";
		};
		4A5C84562AA963700012F541 = {
			isa = PBXGroup;
			children = (
				4A5C84612AA963700012F541 /* AWSmarketplace */,
				4A5C84602AA963700012F541 /* Products */,
				05EF923BDD5F3EA04867813F /* AmplifyConfig */,
				BD154D62D0015046466006C1 /* AmplifyModels */,
				4AF57E1B2AAACBC4004CF0F3 /* Frameworks */,
			);
			sourceTree = "<group>";
		};
		4A5C84602AA963700012F541 /* Products */ = {
			isa = PBXGroup;
			children = (
				4A5C845F2AA963700012F541 /* AWSmarketplace.app */,
			);
			name = Products;
			sourceTree = "<group>";
		};
		4A5C84612AA963700012F541 /* AWSmarketplace */ = {
			isa = PBXGroup;
			children = (
				4A5C84622AA963700012F541 /* AWSmarketplaceApp.swift */,
				4A5C84642AA963700012F541 /* ContentView.swift */,
				4A5C84752AA96A090012F541 /* LogInView.swift */,
				4A5C84772AA96A1F0012F541 /* SignUpView.swift */,
				4A5C84792AA96AB20012F541 /* ConfirmNewSignUp.swift */,
				4AF57E1E2AAACC78004CF0F3 /* UserState.swift */,
				4AF57E202AAACCBC004CF0F3 /* MarketplaceError.swift */,
				4AF57E222AAACD28004CF0F3 /* Sessionview.swift */,
				4A12411A2AAB650F00EEDCEF /* AvatarView.swift */,
				4A12411C2AAB690400EEDCEF /* UserProfileView.swift */,
				4A12411E2AAB6D8400EEDCEF /* MainTabView.swift */,
				4A00F0022AAC2E9100C81A26 /* ImagePickerView.swift */,
				4AB53D132AACEB7D005D3DCE /* ProductGridCell.swift */,
				4AB53D152AACEC33005D3DCE /* Product+Extensions.swift */,
				4AB53D172AACF323005D3DCE /* HomeRoute.swift */,
				4AB53D192AACF3AB005D3DCE /* PostProductView.swift */,
				4AB53D1B2AACF3D6005D3DCE /* ProductDetailsView.swift */,
				4AB53D1D2AACF410005D3DCE /* HomeView.swift */,
				4A0026362AAEA41800EBED7F /* InboxListCell.swift */,
				4A0026382AAEA48100EBED7F /* ChatRoom+Extensions.swift */,
				4A00263A2AAEA4D600EBED7F /* ChatRoute.swift */,
				4A00263C2AAEA55E00EBED7F /* User+Extensions.swift */,
				4A00263E2AAEA59300EBED7F /* InboxView.swift */,
				4A0026402AAEA66F00EBED7F /* MessageListCell.swift */,
				4A0026422AAEA69D00EBED7F /* Message+Extensions.swift */,
				4A0026442AAEA6B600EBED7F /* MessagesView.swift */,
				4A5C84662AA963710012F541 /* Assets.xcassets */,
				4A5C84682AA963710012F541 /* Preview Content */,
			);
			path = AWSmarketplace;
			sourceTree = "<group>";
		};
		4A5C84682AA963710012F541 /* Preview Content */ = {
			isa = PBXGroup;
			children = (
				4A5C84692AA963710012F541 /* Preview Assets.xcassets */,
			);
			path = "Preview Content";
			sourceTree = "<group>";
		};
		4AF57E1B2AAACBC4004CF0F3 /* Frameworks */ = {
			isa = PBXGroup;
			children = (
			);
			name = Frameworks;
			sourceTree = "<group>";
		};
		BD154D62D0015046466006C1 /* AmplifyModels */ = {
			isa = PBXGroup;
			children = (
				E735986E3DD6C7C8BD87EADB /* AmplifyModels.swift */,
				04572568E4ED3FDC519030BD /* User+Schema.swift */,
				061B2CEC9D7EE7A6E1188724 /* User.swift */,
				2401E265F76B62B6BF486E7D /* Product+Schema.swift */,
				D1067E8B371220F4F4F3ABC0 /* Product.swift */,
				AB6B2D5F1C1AAC34E2ED70D7 /* ChatRoom+Schema.swift */,
				4FB486A2769788ACE3D35CB5 /* ChatRoom.swift */,
				5E3465A9E1AA682315370EE8 /* LastMessage+Schema.swift */,
				47293D05DFF89CFFFA9F2040 /* LastMessage.swift */,
				26B4A69343C06AE5DAAD4729 /* Message+Schema.swift */,
				01A6EACE153879FD54A7AA22 /* Message.swift */,
			);
			name = AmplifyModels;
			sourceTree = "<group>";
		};
/* End PBXGroup section */

/* Begin PBXNativeTarget section */
		4A5C845E2AA963700012F541 /* AWSmarketplace */ = {
			isa = PBXNativeTarget;
			buildConfigurationList = 4A5C846D2AA963710012F541 /* Build configuration list for PBXNativeTarget "AWSmarketplace" */;
			buildPhases = (
				4A5C845B2AA963700012F541 /* Sources */,
				4A5C845C2AA963700012F541 /* Frameworks */,
				4A5C845D2AA963700012F541 /* Resources */,
			);
			buildRules = (
			);
			dependencies = (
			);
			name = AWSmarketplace;
			packageProductDependencies = (
				4A5C84712AA968D60012F541 /* AWSCognitoAuthPlugin */,
				4A5C84732AA968D60012F541 /* Amplify */,
				4AF57E1C2AAACBC4004CF0F3 /* AWSDataStorePlugin */,
				4A1241182AAB64C500EEDCEF /* AmplifyImage */,
				4A00F0002AAC2DBE00C81A26 /* AWSS3StoragePlugin */,
				4A57499A2AAFCFF80077BC65 /* AWSAPIPlugin */,
			);
			productName = AWSmarketplace;
			productReference = 4A5C845F2AA963700012F541 /* AWSmarketplace.app */;
			productType = "com.apple.product-type.application";
		};
/* End PBXNativeTarget section */

/* Begin PBXProject section */
		4A5C84572AA963700012F541 /* Project object */ = {
			isa = PBXProject;
			attributes = {
				BuildIndependentTargetsInParallel = 1;
				LastSwiftUpdateCheck = 1430;
				LastUpgradeCheck = 1430;
				TargetAttributes = {
					4A5C845E2AA963700012F541 = {
						CreatedOnToolsVersion = 14.3.1;
					};
				};
			};
			buildConfigurationList = 4A5C845A2AA963700012F541 /* Build configuration list for PBXProject "AWSmarketplace" */;
			compatibilityVersion = "Xcode 14.0";
			developmentRegion = en;
			hasScannedForEncodings = 0;
			knownRegions = (
				en,
				Base,
			);
			mainGroup = 4A5C84562AA963700012F541;
			packageReferences = (
				4A5C84702AA968D60012F541 /* XCRemoteSwiftPackageReference "amplify-ios" */,
				4A1241172AAB64C500EEDCEF /* XCRemoteSwiftPackageReference "amplifyimage" */,
			);
			productRefGroup = 4A5C84602AA963700012F541 /* Products */;
			projectDirPath = "";
			projectRoot = "";
			targets = (
				4A5C845E2AA963700012F541 /* AWSmarketplace */,
			);
		};
/* End PBXProject section */

/* Begin PBXResourcesBuildPhase section */
		4A5C845D2AA963700012F541 /* Resources */ = {
			isa = PBXResourcesBuildPhase;
			buildActionMask = 2147483647;
			files = (
				4A5C846A2AA963710012F541 /* Preview Assets.xcassets in Resources */,
				4A5C84672AA963710012F541 /* Assets.xcassets in Resources */,
				C55372935485ECC43F234BE3 /* awsconfiguration.json in Resources */,
				9435899CC6DF3DC53800EB3B /* amplifyconfiguration.json in Resources */,
			);
			runOnlyForDeploymentPostprocessing = 0;
		};
/* End PBXResourcesBuildPhase section */

/* Begin PBXSourcesBuildPhase section */
		4A5C845B2AA963700012F541 /* Sources */ = {
			isa = PBXSourcesBuildPhase;
			buildActionMask = 2147483647;
			files = (
				4AF57E1F2AAACC78004CF0F3 /* UserState.swift in Sources */,
				4A00263F2AAEA59300EBED7F /* InboxView.swift in Sources */,
				4A12411B2AAB650F00EEDCEF /* AvatarView.swift in Sources */,
				4A5C847A2AA96AB20012F541 /* ConfirmNewSignUp.swift in Sources */,
				4A5C84782AA96A1F0012F541 /* SignUpView.swift in Sources */,
				4A5C84762AA96A090012F541 /* LogInView.swift in Sources */,
				4A12411D2AAB690400EEDCEF /* UserProfileView.swift in Sources */,
				4AF57E232AAACD28004CF0F3 /* Sessionview.swift in Sources */,
				4A0026412AAEA66F00EBED7F /* MessageListCell.swift in Sources */,
				4AF57E212AAACCBC004CF0F3 /* MarketplaceError.swift in Sources */,
				4A5C84652AA963700012F541 /* ContentView.swift in Sources */,
				4A5C84632AA963700012F541 /* AWSmarketplaceApp.swift in Sources */,
				4AB53D182AACF323005D3DCE /* HomeRoute.swift in Sources */,
				6054CB964E16A8C8F3DA9B8B /* AmplifyModels.swift in Sources */,
				4A12411F2AAB6D8400EEDCEF /* MainTabView.swift in Sources */,
				4A00F0032AAC2E9100C81A26 /* ImagePickerView.swift in Sources */,
				4A0026452AAEA6B600EBED7F /* MessagesView.swift in Sources */,
				4A0026372AAEA41800EBED7F /* InboxListCell.swift in Sources */,
				4A0026392AAEA48100EBED7F /* ChatRoom+Extensions.swift in Sources */,
				4AB53D1A2AACF3AB005D3DCE /* PostProductView.swift in Sources */,
				4AB53D142AACEB7D005D3DCE /* ProductGridCell.swift in Sources */,
				4AB53D162AACEC33005D3DCE /* Product+Extensions.swift in Sources */,
				4AB53D1C2AACF3D6005D3DCE /* ProductDetailsView.swift in Sources */,
				A61DCEDD53DD8CC34CBCE46A /* User+Schema.swift in Sources */,
				39F18AA67E51A9AF7FE06842 /* User.swift in Sources */,
				6437FA9DEF82FB2C59B177A4 /* Product+Schema.swift in Sources */,
				4AB53D1E2AACF410005D3DCE /* HomeView.swift in Sources */,
				D81D5E30C0392EC190E3A8E9 /* Product.swift in Sources */,
				4A0026432AAEA69D00EBED7F /* Message+Extensions.swift in Sources */,
				4A00263B2AAEA4D600EBED7F /* ChatRoute.swift in Sources */,
				FA31CE589C2EF1D6B741D098 /* ChatRoom+Schema.swift in Sources */,
				4A00263D2AAEA55E00EBED7F /* User+Extensions.swift in Sources */,
				D92E30A3B7D78D3E86AC1EF8 /* ChatRoom.swift in Sources */,
				92F3889E46533110445C4A9D /* LastMessage+Schema.swift in Sources */,
				C442A0003E84D283E7CA1351 /* LastMessage.swift in Sources */,
				62D52D340D148B62C16C2666 /* Message+Schema.swift in Sources */,
				FB5731ED5117FC14469D09A7 /* Message.swift in Sources */,
			);
			runOnlyForDeploymentPostprocessing = 0;
		};
/* End PBXSourcesBuildPhase section */

/* Begin XCBuildConfiguration section */
		4A5C846B2AA963710012F541 /* Debug */ = {
			isa = XCBuildConfiguration;
			buildSettings = {
				ALWAYS_SEARCH_USER_PATHS = NO;
				CLANG_ANALYZER_NONNULL = YES;
				CLANG_ANALYZER_NUMBER_OBJECT_CONVERSION = YES_AGGRESSIVE;
				CLANG_CXX_LANGUAGE_STANDARD = "gnu++20";
				CLANG_ENABLE_MODULES = YES;
				CLANG_ENABLE_OBJC_ARC = YES;
				CLANG_ENABLE_OBJC_WEAK = YES;
				CLANG_WARN_BLOCK_CAPTURE_AUTORELEASING = YES;
				CLANG_WARN_BOOL_CONVERSION = YES;
				CLANG_WARN_COMMA = YES;
				CLANG_WARN_CONSTANT_CONVERSION = YES;
				CLANG_WARN_DEPRECATED_OBJC_IMPLEMENTATIONS = YES;
				CLANG_WARN_DIRECT_OBJC_ISA_USAGE = YES_ERROR;
				CLANG_WARN_DOCUMENTATION_COMMENTS = YES;
				CLANG_WARN_EMPTY_BODY = YES;
				CLANG_WARN_ENUM_CONVERSION = YES;
				CLANG_WARN_INFINITE_RECURSION = YES;
				CLANG_WARN_INT_CONVERSION = YES;
				CLANG_WARN_NON_LITERAL_NULL_CONVERSION = YES;
				CLANG_WARN_OBJC_IMPLICIT_RETAIN_SELF = YES;
				CLANG_WARN_OBJC_LITERAL_CONVERSION = YES;
				CLANG_WARN_OBJC_ROOT_CLASS = YES_ERROR;
				CLANG_WARN_QUOTED_INCLUDE_IN_FRAMEWORK_HEADER = YES;
				CLANG_WARN_RANGE_LOOP_ANALYSIS = YES;
				CLANG_WARN_STRICT_PROTOTYPES = YES;
				CLANG_WARN_SUSPICIOUS_MOVE = YES;
				CLANG_WARN_UNGUARDED_AVAILABILITY = YES_AGGRESSIVE;
				CLANG_WARN_UNREACHABLE_CODE = YES;
				CLANG_WARN__DUPLICATE_METHOD_MATCH = YES;
				COPY_PHASE_STRIP = NO;
				DEBUG_INFORMATION_FORMAT = dwarf;
				ENABLE_STRICT_OBJC_MSGSEND = YES;
				ENABLE_TESTABILITY = YES;
				GCC_C_LANGUAGE_STANDARD = gnu11;
				GCC_DYNAMIC_NO_PIC = NO;
				GCC_NO_COMMON_BLOCKS = YES;
				GCC_OPTIMIZATION_LEVEL = 0;
				GCC_PREPROCESSOR_DEFINITIONS = (
					"DEBUG=1",
					"$(inherited)",
				);
				GCC_WARN_64_TO_32_BIT_CONVERSION = YES;
				GCC_WARN_ABOUT_RETURN_TYPE = YES_ERROR;
				GCC_WARN_UNDECLARED_SELECTOR = YES;
				GCC_WARN_UNINITIALIZED_AUTOS = YES_AGGRESSIVE;
				GCC_WARN_UNUSED_FUNCTION = YES;
				GCC_WARN_UNUSED_VARIABLE = YES;
				IPHONEOS_DEPLOYMENT_TARGET = 16.4;
				MTL_ENABLE_DEBUG_INFO = INCLUDE_SOURCE;
				MTL_FAST_MATH = YES;
				ONLY_ACTIVE_ARCH = YES;
				SDKROOT = iphoneos;
				SWIFT_ACTIVE_COMPILATION_CONDITIONS = DEBUG;
				SWIFT_OPTIMIZATION_LEVEL = "-Onone";
			};
			name = Debug;
		};
		4A5C846C2AA963710012F541 /* Release */ = {
			isa = XCBuildConfiguration;
			buildSettings = {
				ALWAYS_SEARCH_USER_PATHS = NO;
				CLANG_ANALYZER_NONNULL = YES;
				CLANG_ANALYZER_NUMBER_OBJECT_CONVERSION = YES_AGGRESSIVE;
				CLANG_CXX_LANGUAGE_STANDARD = "gnu++20";
				CLANG_ENABLE_MODULES = YES;
				CLANG_ENABLE_OBJC_ARC = YES;
				CLANG_ENABLE_OBJC_WEAK = YES;
				CLANG_WARN_BLOCK_CAPTURE_AUTORELEASING = YES;
				CLANG_WARN_BOOL_CONVERSION = YES;
				CLANG_WARN_COMMA = YES;
				CLANG_WARN_CONSTANT_CONVERSION = YES;
				CLANG_WARN_DEPRECATED_OBJC_IMPLEMENTATIONS = YES;
				CLANG_WARN_DIRECT_OBJC_ISA_USAGE = YES_ERROR;
				CLANG_WARN_DOCUMENTATION_COMMENTS = YES;
				CLANG_WARN_EMPTY_BODY = YES;
				CLANG_WARN_ENUM_CONVERSION = YES;
				CLANG_WARN_INFINITE_RECURSION = YES;
				CLANG_WARN_INT_CONVERSION = YES;
				CLANG_WARN_NON_LITERAL_NULL_CONVERSION = YES;
				CLANG_WARN_OBJC_IMPLICIT_RETAIN_SELF = YES;
				CLANG_WARN_OBJC_LITERAL_CONVERSION = YES;
				CLANG_WARN_OBJC_ROOT_CLASS = YES_ERROR;
				CLANG_WARN_QUOTED_INCLUDE_IN_FRAMEWORK_HEADER = YES;
				CLANG_WARN_RANGE_LOOP_ANALYSIS = YES;
				CLANG_WARN_STRICT_PROTOTYPES = YES;
				CLANG_WARN_SUSPICIOUS_MOVE = YES;
				CLANG_WARN_UNGUARDED_AVAILABILITY = YES_AGGRESSIVE;
				CLANG_WARN_UNREACHABLE_CODE = YES;
				CLANG_WARN__DUPLICATE_METHOD_MATCH = YES;
				COPY_PHASE_STRIP = NO;
				DEBUG_INFORMATION_FORMAT = "dwarf-with-dsym";
				ENABLE_NS_ASSERTIONS = NO;
				ENABLE_STRICT_OBJC_MSGSEND = YES;
				GCC_C_LANGUAGE_STANDARD = gnu11;
				GCC_NO_COMMON_BLOCKS = YES;
				GCC_WARN_64_TO_32_BIT_CONVERSION = YES;
				GCC_WARN_ABOUT_RETURN_TYPE = YES_ERROR;
				GCC_WARN_UNDECLARED_SELECTOR = YES;
				GCC_WARN_UNINITIALIZED_AUTOS = YES_AGGRESSIVE;
				GCC_WARN_UNUSED_FUNCTION = YES;
				GCC_WARN_UNUSED_VARIABLE = YES;
				IPHONEOS_DEPLOYMENT_TARGET = 16.4;
				MTL_ENABLE_DEBUG_INFO = NO;
				MTL_FAST_MATH = YES;
				SDKROOT = iphoneos;
				SWIFT_COMPILATION_MODE = wholemodule;
				SWIFT_OPTIMIZATION_LEVEL = "-O";
				VALIDATE_PRODUCT = YES;
			};
			name = Release;
		};
		4A5C846E2AA963710012F541 /* Debug */ = {
			isa = XCBuildConfiguration;
			buildSettings = {
				ASSETCATALOG_COMPILER_APPICON_NAME = AppIcon;
				ASSETCATALOG_COMPILER_GLOBAL_ACCENT_COLOR_NAME = AccentColor;
				CODE_SIGN_STYLE = Automatic;
				CURRENT_PROJECT_VERSION = 1;
				DEVELOPMENT_ASSET_PATHS = "\"AWSmarketplace/Preview Content\"";
				DEVELOPMENT_TEAM = W765WFC8Q7;
				ENABLE_PREVIEWS = YES;
				GENERATE_INFOPLIST_FILE = YES;
				INFOPLIST_KEY_NSAppleMusicUsageDescription = "Necesario apra fotos";
				INFOPLIST_KEY_UIApplicationSceneManifest_Generation = YES;
				INFOPLIST_KEY_UIApplicationSupportsIndirectInputEvents = YES;
				INFOPLIST_KEY_UILaunchScreen_Generation = YES;
				INFOPLIST_KEY_UISupportedInterfaceOrientations_iPad = "UIInterfaceOrientationPortrait UIInterfaceOrientationPortraitUpsideDown UIInterfaceOrientationLandscapeLeft UIInterfaceOrientationLandscapeRight";
				INFOPLIST_KEY_UISupportedInterfaceOrientations_iPhone = "UIInterfaceOrientationPortrait UIInterfaceOrientationLandscapeLeft UIInterfaceOrientationLandscapeRight";
				LD_RUNPATH_SEARCH_PATHS = (
					"$(inherited)",
					"@executable_path/Frameworks",
				);
				MARKETING_VERSION = 1.0;
				PRODUCT_BUNDLE_IDENTIFIER = com.AWSmarketplace;
				PRODUCT_NAME = "$(TARGET_NAME)";
				SWIFT_EMIT_LOC_STRINGS = YES;
				SWIFT_VERSION = 5.0;
				TARGETED_DEVICE_FAMILY = "1,2";
			};
			name = Debug;
		};
		4A5C846F2AA963710012F541 /* Release */ = {
			isa = XCBuildConfiguration;
			buildSettings = {
				ASSETCATALOG_COMPILER_APPICON_NAME = AppIcon;
				ASSETCATALOG_COMPILER_GLOBAL_ACCENT_COLOR_NAME = AccentColor;
				CODE_SIGN_STYLE = Automatic;
				CURRENT_PROJECT_VERSION = 1;
				DEVELOPMENT_ASSET_PATHS = "\"AWSmarketplace/Preview Content\"";
				DEVELOPMENT_TEAM = W765WFC8Q7;
				ENABLE_PREVIEWS = YES;
				GENERATE_INFOPLIST_FILE = YES;
				INFOPLIST_KEY_NSAppleMusicUsageDescription = "Necesario apra fotos";
				INFOPLIST_KEY_UIApplicationSceneManifest_Generation = YES;
				INFOPLIST_KEY_UIApplicationSupportsIndirectInputEvents = YES;
				INFOPLIST_KEY_UILaunchScreen_Generation = YES;
				INFOPLIST_KEY_UISupportedInterfaceOrientations_iPad = "UIInterfaceOrientationPortrait UIInterfaceOrientationPortraitUpsideDown UIInterfaceOrientationLandscapeLeft UIInterfaceOrientationLandscapeRight";
				INFOPLIST_KEY_UISupportedInterfaceOrientations_iPhone = "UIInterfaceOrientationPortrait UIInterfaceOrientationLandscapeLeft UIInterfaceOrientationLandscapeRight";
				LD_RUNPATH_SEARCH_PATHS = (
					"$(inherited)",
					"@executable_path/Frameworks",
				);
				MARKETING_VERSION = 1.0;
				PRODUCT_BUNDLE_IDENTIFIER = com.AWSmarketplace;
				PRODUCT_NAME = "$(TARGET_NAME)";
				SWIFT_EMIT_LOC_STRINGS = YES;
				SWIFT_VERSION = 5.0;
				TARGETED_DEVICE_FAMILY = "1,2";
			};
			name = Release;
		};
/* End XCBuildConfiguration section */

/* Begin XCConfigurationList section */
		4A5C845A2AA963700012F541 /* Build configuration list for PBXProject "AWSmarketplace" */ = {
			isa = XCConfigurationList;
			buildConfigurations = (
				4A5C846B2AA963710012F541 /* Debug */,
				4A5C846C2AA963710012F541 /* Release */,
			);
			defaultConfigurationIsVisible = 0;
			defaultConfigurationName = Release;
		};
		4A5C846D2AA963710012F541 /* Build configuration list for PBXNativeTarget "AWSmarketplace" */ = {
			isa = XCConfigurationList;
			buildConfigurations = (
				4A5C846E2AA963710012F541 /* Debug */,
				4A5C846F2AA963710012F541 /* Release */,
			);
			defaultConfigurationIsVisible = 0;
			defaultConfigurationName = Release;
		};
/* End XCConfigurationList section */

/* Begin XCRemoteSwiftPackageReference section */
		4A1241172AAB64C500EEDCEF /* XCRemoteSwiftPackageReference "amplifyimage" */ = {
			isa = XCRemoteSwiftPackageReference;
			repositoryURL = "https://github.com/kilo-loco/amplifyimage";
			requirement = {
				branch = main;
				kind = branch;
			};
		};
		4A5C84702AA968D60012F541 /* XCRemoteSwiftPackageReference "amplify-ios" */ = {
			isa = XCRemoteSwiftPackageReference;
			repositoryURL = "https://github.com/aws-amplify/amplify-ios";
			requirement = {
				kind = upToNextMajorVersion;
				minimumVersion = 2.0.0;
			};
		};
/* End XCRemoteSwiftPackageReference section */

/* Begin XCSwiftPackageProductDependency section */
		4A00F0002AAC2DBE00C81A26 /* AWSS3StoragePlugin */ = {
			isa = XCSwiftPackageProductDependency;
			package = 4A5C84702AA968D60012F541 /* XCRemoteSwiftPackageReference "amplify-ios" */;
			productName = AWSS3StoragePlugin;
		};
		4A1241182AAB64C500EEDCEF /* AmplifyImage */ = {
			isa = XCSwiftPackageProductDependency;
			package = 4A1241172AAB64C500EEDCEF /* XCRemoteSwiftPackageReference "amplifyimage" */;
			productName = AmplifyImage;
		};
		4A57499A2AAFCFF80077BC65 /* AWSAPIPlugin */ = {
			isa = XCSwiftPackageProductDependency;
			package = 4A5C84702AA968D60012F541 /* XCRemoteSwiftPackageReference "amplify-ios" */;
			productName = AWSAPIPlugin;
		};
		4A5C84712AA968D60012F541 /* AWSCognitoAuthPlugin */ = {
			isa = XCSwiftPackageProductDependency;
			package = 4A5C84702AA968D60012F541 /* XCRemoteSwiftPackageReference "amplify-ios" */;
			productName = AWSCognitoAuthPlugin;
		};
		4A5C84732AA968D60012F541 /* Amplify */ = {
			isa = XCSwiftPackageProductDependency;
			package = 4A5C84702AA968D60012F541 /* XCRemoteSwiftPackageReference "amplify-ios" */;
			productName = Amplify;
		};
		4AF57E1C2AAACBC4004CF0F3 /* AWSDataStorePlugin */ = {
			isa = XCSwiftPackageProductDependency;
			package = 4A5C84702AA968D60012F541 /* XCRemoteSwiftPackageReference "amplify-ios" */;
			productName = AWSDataStorePlugin;
		};
/* End XCSwiftPackageProductDependency section */
	};
	rootObject = 4A5C84572AA963700012F541 /* Project object */;
}
